
Microsoft Visual Studio Solution File, Format Version 12.00
# Visual Studio Version 17
VisualStudioVersion = 17.10.35027.167
MinimumVisualStudioVersion = 10.0.40219.1
Project("{FAE04EC0-301F-11D3-BF4B-00C04F79EFBC}") = "OpenWeather", "OpenWeather\OpenWeather.csproj", "{018DB0A8-4FD7-41AD-A447-FC86EC209409}"
EndProject
Project("{FAE04EC0-301F-11D3-BF4B-00C04F79EFBC}") = "OpenWeather.Unit", "OpenWeather.Test\OpenWeather.Unit.csproj", "{E37CB637-9F26-4FA5-91D8-1D2B6FC946F3}"
EndProject
Project("{2150E333-8FDC-42A3-9474-1A3956D46DE8}") = "src", "src", "{C769D56A-6F47-472C-90B2-76A628001739}"
EndProject
Project("{2150E333-8FDC-42A3-9474-1A3956D46DE8}") = "test", "test", "{CDE17D37-3FB5-4E90-9789-673365B9E8AF}"
EndProject
Global
	GlobalSection(SolutionConfigurationPlatforms) = preSolution
		Debug|Any CPU = Debug|Any CPU
		Release|Any CPU = Release|Any CPU
	EndGlobalSection
	GlobalSection(ProjectConfigurationPlatforms) = postSolution
		{018DB0A8-4FD7-41AD-A447-FC86EC209409}.Debug|Any CPU.ActiveCfg = Debug|Any CPU
		{018DB0A8-4FD7-41AD-A447-FC86EC209409}.Debug|Any CPU.Build.0 = Debug|Any CPU
		{018DB0A8-4FD7-41AD-A447-FC86EC209409}.Release|Any CPU.ActiveCfg = Release|Any CPU
		{018DB0A8-4FD7-41AD-A447-FC86EC209409}.Release|Any CPU.Build.0 = Release|Any CPU
		{E37CB637-9F26-4FA5-91D8-1D2B6FC946F3}.Debug|Any CPU.ActiveCfg = Debug|Any CPU
		{E37CB637-9F26-4FA5-91D8-1D2B6FC946F3}.Debug|Any CPU.Build.0 = Debug|Any CPU
		{E37CB637-9F26-4FA5-91D8-1D2B6FC946F3}.Release|Any CPU.ActiveCfg = Release|Any CPU
		{E37CB637-9F26-4FA5-91D8-1D2B6FC946F3}.Release|Any CPU.Build.0 = Release|Any CPU
	EndGlobalSection
	GlobalSection(SolutionProperties) = preSolution
		HideSolutionNode = FALSE
	EndGlobalSection
	GlobalSection(NestedProjects) = preSolution
		{018DB0A8-4FD7-41AD-A447-FC86EC209409} = {C769D56A-6F47-472C-90B2-76A628001739}
		{E37CB637-9F26-4FA5-91D8-1D2B6FC946F3} = {CDE17D37-3FB5-4E90-9789-673365B9E8AF}
	EndGlobalSection
	GlobalSection(ExtensibilityGlobals) = postSolution
		SolutionGuid = {0E2704D3-37CF-47BA-8182-F8097DE6C48C}
	EndGlobalSection
EndGlobal
